
Microsoft Visual Studio Solution File, Format Version 11.00
# Visual Studio 2010
Project("{FAE04EC0-301F-11D3-BF4B-00C04F79EFBC}") = "fb.net", "fb.net\fb.net.csproj", "{61220282-8C7F-4386-992C-8715E7E0511A}"
EndProject
Global
	GlobalSection(SolutionConfigurationPlatforms) = preSolution
		Debug|Any CPU = Debug|Any CPU
		Release|Any CPU = Release|Any CPU
	EndGlobalSection
	GlobalSection(ProjectConfigurationPlatforms) = postSolution
		{61220282-8C7F-4386-992C-8715E7E0511A}.Debug|Any CPU.ActiveCfg = Debug|Any CPU
		{61220282-8C7F-4386-992C-8715E7E0511A}.Debug|Any CPU.Build.0 = Debug|Any CPU
		{61220282-8C7F-4386-992C-8715E7E0511A}.Release|Any CPU.ActiveCfg = Release|Any CPU
		{61220282-8C7F-4386-992C-8715E7E0511A}.Release|Any CPU.Build.0 = Release|Any CPU
	EndGlobalSection
	GlobalSection(MonoDevelopProperties) = preSolution
		StartupItem = fb.net\fb.net.csproj
	EndGlobalSection
EndGlobal
